
Microsoft Visual Studio Solution File, Format Version 12.00
# Visual Studio Version 16
VisualStudioVersion = 16.0.33927.289
MinimumVisualStudioVersion = 10.0.40219.1
Project("{FAE04EC0-301F-11D3-BF4B-00C04F79EFBC}") = "StringNodeClass", "StringNodeClass\StringNodeClass.csproj", "{94BD2962-B312-470A-BD07-3F29A7FC1710}"
EndProject
Global
	GlobalSection(SolutionConfigurationPlatforms) = preSolution
		Debug|Any CPU = Debug|Any CPU
		Release|Any CPU = Release|Any CPU
	EndGlobalSection
	GlobalSection(ProjectConfigurationPlatforms) = postSolution
		{94BD2962-B312-470A-BD07-3F29A7FC1710}.Debug|Any CPU.ActiveCfg = Debug|Any CPU
		{94BD2962-B312-470A-BD07-3F29A7FC1710}.Debug|Any CPU.Build.0 = Debug|Any CPU
		{94BD2962-B312-470A-BD07-3F29A7FC1710}.Release|Any CPU.ActiveCfg = Release|Any CPU
		{94BD2962-B312-470A-BD07-3F29A7FC1710}.Release|Any CPU.Build.0 = Release|Any CPU
	EndGlobalSection
	GlobalSection(SolutionProperties) = preSolution
		HideSolutionNode = FALSE
	EndGlobalSection
	GlobalSection(ExtensibilityGlobals) = postSolution
		SolutionGuid = {755E7A1F-7ACC-4A70-9AE7-F7252D07DA45}
	EndGlobalSection
EndGlobal
