
Microsoft Visual Studio Solution File, Format Version 12.00
# Visual Studio Version 16
VisualStudioVersion = 16.0.31729.503
MinimumVisualStudioVersion = 10.0.40219.1
Project("{FAE04EC0-301F-11D3-BF4B-00C04F79EFBC}") = "MyFirstAppDaud", "MyFirstAppDaud\MyFirstAppDaud.csproj", "{8555181D-A12D-40FE-A06E-52A091AB0E36}"
EndProject
Global
	GlobalSection(SolutionConfigurationPlatforms) = preSolution
		Debug|Any CPU = Debug|Any CPU
		Release|Any CPU = Release|Any CPU
	EndGlobalSection
	GlobalSection(ProjectConfigurationPlatforms) = postSolution
		{8555181D-A12D-40FE-A06E-52A091AB0E36}.Debug|Any CPU.ActiveCfg = Debug|Any CPU
		{8555181D-A12D-40FE-A06E-52A091AB0E36}.Debug|Any CPU.Build.0 = Debug|Any CPU
		{8555181D-A12D-40FE-A06E-52A091AB0E36}.Release|Any CPU.ActiveCfg = Release|Any CPU
		{8555181D-A12D-40FE-A06E-52A091AB0E36}.Release|Any CPU.Build.0 = Release|Any CPU
	EndGlobalSection
	GlobalSection(SolutionProperties) = preSolution
		HideSolutionNode = FALSE
	EndGlobalSection
	GlobalSection(ExtensibilityGlobals) = postSolution
		SolutionGuid = {A542F238-4B89-4AF6-884E-B1EB30C62F94}
	EndGlobalSection
EndGlobal
