
Microsoft Visual Studio Solution File, Format Version 12.00
# Visual Studio Version 16
VisualStudioVersion = 16.0.32802.440
MinimumVisualStudioVersion = 10.0.40219.1
Project("{FAE04EC0-301F-11D3-BF4B-00C04F79EFBC}") = "HW_8_11_22", "HW_8_11_22\HW_8_11_22.csproj", "{9FC8FDA2-20C0-4BAC-920E-E902BF181EB8}"
EndProject
Project("{FAE04EC0-301F-11D3-BF4B-00C04F79EFBC}") = "HWQ2_8_11_22", "HWQ2_8_11_22\HWQ2_8_11_22.csproj", "{B2826716-2697-40EB-B6C2-B5604DC0B885}"
EndProject
Project("{FAE04EC0-301F-11D3-BF4B-00C04F79EFBC}") = "HWQ3_8_11_22", "HWQ3_8_11_22\HWQ3_8_11_22.csproj", "{8CDAAE25-4E97-4A7C-9C38-9A0D40345500}"
EndProject
Project("{FAE04EC0-301F-11D3-BF4B-00C04F79EFBC}") = "HWQ4_8_11_22", "HWQ4_8_11_22\HWQ4_8_11_22.csproj", "{B3202E9D-DCCD-446B-BD28-59238895029A}"
EndProject
Project("{FAE04EC0-301F-11D3-BF4B-00C04F79EFBC}") = "HWQ5_8_11_22", "HWQ5_8_11_22\HWQ5_8_11_22.csproj", "{1816DEE4-0156-4665-A599-4252B818FC97}"
EndProject
Project("{FAE04EC0-301F-11D3-BF4B-00C04F79EFBC}") = "HWQ6_8_11_22", "HWQ6_8_11_22\HWQ6_8_11_22.csproj", "{513EED4A-8657-4D7F-9D39-57B04C481094}"
EndProject
Project("{FAE04EC0-301F-11D3-BF4B-00C04F79EFBC}") = "HWQ7_8_11_22", "HWQ7_8_11_22\HWQ7_8_11_22.csproj", "{38E277F3-A299-473D-9CB5-04D4B566FCD9}"
EndProject
Project("{FAE04EC0-301F-11D3-BF4B-00C04F79EFBC}") = "HWQ8_8_11_22", "HWQ8_8_11_22\HWQ8_8_11_22.csproj", "{344B912B-1B19-4B1E-BC06-268461200EE1}"
EndProject
Global
	GlobalSection(SolutionConfigurationPlatforms) = preSolution
		Debug|Any CPU = Debug|Any CPU
		Release|Any CPU = Release|Any CPU
	EndGlobalSection
	GlobalSection(ProjectConfigurationPlatforms) = postSolution
		{9FC8FDA2-20C0-4BAC-920E-E902BF181EB8}.Debug|Any CPU.ActiveCfg = Debug|Any CPU
		{9FC8FDA2-20C0-4BAC-920E-E902BF181EB8}.Debug|Any CPU.Build.0 = Debug|Any CPU
		{9FC8FDA2-20C0-4BAC-920E-E902BF181EB8}.Release|Any CPU.ActiveCfg = Release|Any CPU
		{9FC8FDA2-20C0-4BAC-920E-E902BF181EB8}.Release|Any CPU.Build.0 = Release|Any CPU
		{B2826716-2697-40EB-B6C2-B5604DC0B885}.Debug|Any CPU.ActiveCfg = Debug|Any CPU
		{B2826716-2697-40EB-B6C2-B5604DC0B885}.Debug|Any CPU.Build.0 = Debug|Any CPU
		{B2826716-2697-40EB-B6C2-B5604DC0B885}.Release|Any CPU.ActiveCfg = Release|Any CPU
		{B2826716-2697-40EB-B6C2-B5604DC0B885}.Release|Any CPU.Build.0 = Release|Any CPU
		{8CDAAE25-4E97-4A7C-9C38-9A0D40345500}.Debug|Any CPU.ActiveCfg = Debug|Any CPU
		{8CDAAE25-4E97-4A7C-9C38-9A0D40345500}.Debug|Any CPU.Build.0 = Debug|Any CPU
		{8CDAAE25-4E97-4A7C-9C38-9A0D40345500}.Release|Any CPU.ActiveCfg = Release|Any CPU
		{8CDAAE25-4E97-4A7C-9C38-9A0D40345500}.Release|Any CPU.Build.0 = Release|Any CPU
		{B3202E9D-DCCD-446B-BD28-59238895029A}.Debug|Any CPU.ActiveCfg = Debug|Any CPU
		{B3202E9D-DCCD-446B-BD28-59238895029A}.Debug|Any CPU.Build.0 = Debug|Any CPU
		{B3202E9D-DCCD-446B-BD28-59238895029A}.Release|Any CPU.ActiveCfg = Release|Any CPU
		{B3202E9D-DCCD-446B-BD28-59238895029A}.Release|Any CPU.Build.0 = Release|Any CPU
		{1816DEE4-0156-4665-A599-4252B818FC97}.Debug|Any CPU.ActiveCfg = Debug|Any CPU
		{1816DEE4-0156-4665-A599-4252B818FC97}.Debug|Any CPU.Build.0 = Debug|Any CPU
		{1816DEE4-0156-4665-A599-4252B818FC97}.Release|Any CPU.ActiveCfg = Release|Any CPU
		{1816DEE4-0156-4665-A599-4252B818FC97}.Release|Any CPU.Build.0 = Release|Any CPU
		{513EED4A-8657-4D7F-9D39-57B04C481094}.Debug|Any CPU.ActiveCfg = Debug|Any CPU
		{513EED4A-8657-4D7F-9D39-57B04C481094}.Debug|Any CPU.Build.0 = Debug|Any CPU
		{513EED4A-8657-4D7F-9D39-57B04C481094}.Release|Any CPU.ActiveCfg = Release|Any CPU
		{513EED4A-8657-4D7F-9D39-57B04C481094}.Release|Any CPU.Build.0 = Release|Any CPU
		{38E277F3-A299-473D-9CB5-04D4B566FCD9}.Debug|Any CPU.ActiveCfg = Debug|Any CPU
		{38E277F3-A299-473D-9CB5-04D4B566FCD9}.Debug|Any CPU.Build.0 = Debug|Any CPU
		{38E277F3-A299-473D-9CB5-04D4B566FCD9}.Release|Any CPU.ActiveCfg = Release|Any CPU
		{38E277F3-A299-473D-9CB5-04D4B566FCD9}.Release|Any CPU.Build.0 = Release|Any CPU
		{344B912B-1B19-4B1E-BC06-268461200EE1}.Debug|Any CPU.ActiveCfg = Debug|Any CPU
		{344B912B-1B19-4B1E-BC06-268461200EE1}.Debug|Any CPU.Build.0 = Debug|Any CPU
		{344B912B-1B19-4B1E-BC06-268461200EE1}.Release|Any CPU.ActiveCfg = Release|Any CPU
		{344B912B-1B19-4B1E-BC06-268461200EE1}.Release|Any CPU.Build.0 = Release|Any CPU
	EndGlobalSection
	GlobalSection(SolutionProperties) = preSolution
		HideSolutionNode = FALSE
	EndGlobalSection
	GlobalSection(ExtensibilityGlobals) = postSolution
		SolutionGuid = {F5B02E13-47DB-4687-BF2B-BDDB7798CA3D}
	EndGlobalSection
EndGlobal
