
Microsoft Visual Studio Solution File, Format Version 12.00
# Visual Studio Version 16
VisualStudioVersion = 16.0.32802.440
MinimumVisualStudioVersion = 10.0.40219.1
Project("{FAE04EC0-301F-11D3-BF4B-00C04F79EFBC}") = "P106Q3", "P106Q3\P106Q3.csproj", "{0E9E54FC-C28C-4211-ADAD-CB6F387BEFC5}"
EndProject
Global
	GlobalSection(SolutionConfigurationPlatforms) = preSolution
		Debug|Any CPU = Debug|Any CPU
		Release|Any CPU = Release|Any CPU
	EndGlobalSection
	GlobalSection(ProjectConfigurationPlatforms) = postSolution
		{0E9E54FC-C28C-4211-ADAD-CB6F387BEFC5}.Debug|Any CPU.ActiveCfg = Debug|Any CPU
		{0E9E54FC-C28C-4211-ADAD-CB6F387BEFC5}.Debug|Any CPU.Build.0 = Debug|Any CPU
		{0E9E54FC-C28C-4211-ADAD-CB6F387BEFC5}.Release|Any CPU.ActiveCfg = Release|Any CPU
		{0E9E54FC-C28C-4211-ADAD-CB6F387BEFC5}.Release|Any CPU.Build.0 = Release|Any CPU
	EndGlobalSection
	GlobalSection(SolutionProperties) = preSolution
		HideSolutionNode = FALSE
	EndGlobalSection
	GlobalSection(ExtensibilityGlobals) = postSolution
		SolutionGuid = {A248E917-F726-41D1-A44B-F1DF6EE8636F}
	EndGlobalSection
EndGlobal
