
Microsoft Visual Studio Solution File, Format Version 12.00
# Visual Studio Version 16
VisualStudioVersion = 16.0.33927.289
MinimumVisualStudioVersion = 10.0.40219.1
Project("{FAE04EC0-301F-11D3-BF4B-00C04F79EFBC}") = "Task5_8", "Task5_8\Task5_8.csproj", "{8F09BA73-73C6-41A4-9DA8-F84AA386772C}"
EndProject
Global
	GlobalSection(SolutionConfigurationPlatforms) = preSolution
		Debug|Any CPU = Debug|Any CPU
		Release|Any CPU = Release|Any CPU
	EndGlobalSection
	GlobalSection(ProjectConfigurationPlatforms) = postSolution
		{8F09BA73-73C6-41A4-9DA8-F84AA386772C}.Debug|Any CPU.ActiveCfg = Debug|Any CPU
		{8F09BA73-73C6-41A4-9DA8-F84AA386772C}.Debug|Any CPU.Build.0 = Debug|Any CPU
		{8F09BA73-73C6-41A4-9DA8-F84AA386772C}.Release|Any CPU.ActiveCfg = Release|Any CPU
		{8F09BA73-73C6-41A4-9DA8-F84AA386772C}.Release|Any CPU.Build.0 = Release|Any CPU
	EndGlobalSection
	GlobalSection(SolutionProperties) = preSolution
		HideSolutionNode = FALSE
	EndGlobalSection
	GlobalSection(ExtensibilityGlobals) = postSolution
		SolutionGuid = {C522F217-C090-4460-90A6-C167974EC292}
	EndGlobalSection
EndGlobal
