
Microsoft Visual Studio Solution File, Format Version 12.00
# Visual Studio Version 17
VisualStudioVersion = 17.9.34616.47
MinimumVisualStudioVersion = 10.0.40219.1
Project("{FAE04EC0-301F-11D3-BF4B-00C04F79EFBC}") = "27_3_2024", "27_3_2024.csproj", "{62D3AB2C-3FBF-4028-8F30-70715CE0DA16}"
EndProject
Global
	GlobalSection(SolutionConfigurationPlatforms) = preSolution
		Debug|Any CPU = Debug|Any CPU
		Release|Any CPU = Release|Any CPU
	EndGlobalSection
	GlobalSection(ProjectConfigurationPlatforms) = postSolution
		{62D3AB2C-3FBF-4028-8F30-70715CE0DA16}.Debug|Any CPU.ActiveCfg = Debug|Any CPU
		{62D3AB2C-3FBF-4028-8F30-70715CE0DA16}.Debug|Any CPU.Build.0 = Debug|Any CPU
		{62D3AB2C-3FBF-4028-8F30-70715CE0DA16}.Release|Any CPU.ActiveCfg = Release|Any CPU
		{62D3AB2C-3FBF-4028-8F30-70715CE0DA16}.Release|Any CPU.Build.0 = Release|Any CPU
	EndGlobalSection
	GlobalSection(SolutionProperties) = preSolution
		HideSolutionNode = FALSE
	EndGlobalSection
	GlobalSection(ExtensibilityGlobals) = postSolution
		SolutionGuid = {691EC619-F65D-481F-8A82-94F9F8220702}
	EndGlobalSection
EndGlobal
