
Microsoft Visual Studio Solution File, Format Version 12.00
# Visual Studio Version 16
VisualStudioVersion = 16.0.32802.440
MinimumVisualStudioVersion = 10.0.40219.1
Project("{FAE04EC0-301F-11D3-BF4B-00C04F79EFBC}") = "TravelerWithPassport", "TravelerWithPassport\TravelerWithPassport.csproj", "{353A21D5-B23E-4D3A-ADE0-FA24D79DE5E0}"
EndProject
Global
	GlobalSection(SolutionConfigurationPlatforms) = preSolution
		Debug|Any CPU = Debug|Any CPU
		Release|Any CPU = Release|Any CPU
	EndGlobalSection
	GlobalSection(ProjectConfigurationPlatforms) = postSolution
		{353A21D5-B23E-4D3A-ADE0-FA24D79DE5E0}.Debug|Any CPU.ActiveCfg = Debug|Any CPU
		{353A21D5-B23E-4D3A-ADE0-FA24D79DE5E0}.Debug|Any CPU.Build.0 = Debug|Any CPU
		{353A21D5-B23E-4D3A-ADE0-FA24D79DE5E0}.Release|Any CPU.ActiveCfg = Release|Any CPU
		{353A21D5-B23E-4D3A-ADE0-FA24D79DE5E0}.Release|Any CPU.Build.0 = Release|Any CPU
	EndGlobalSection
	GlobalSection(SolutionProperties) = preSolution
		HideSolutionNode = FALSE
	EndGlobalSection
	GlobalSection(ExtensibilityGlobals) = postSolution
		SolutionGuid = {DBE26EA8-CD10-45C7-A8DC-7B567F300CFC}
	EndGlobalSection
EndGlobal
