
Microsoft Visual Studio Solution File, Format Version 12.00
# Visual Studio Version 16
VisualStudioVersion = 16.0.32802.440
MinimumVisualStudioVersion = 10.0.40219.1
Project("{FAE04EC0-301F-11D3-BF4B-00C04F79EFBC}") = "HM_24_10_22", "HM_24_10_22\HM_24_10_22.csproj", "{968E984D-91F9-45D6-906F-C93A13751A2B}"
EndProject
Project("{FAE04EC0-301F-11D3-BF4B-00C04F79EFBC}") = "Task_2", "Task_2\Task_2.csproj", "{71D9CF04-15AB-48DF-9B60-A5EA6A776E5C}"
EndProject
Global
	GlobalSection(SolutionConfigurationPlatforms) = preSolution
		Debug|Any CPU = Debug|Any CPU
		Release|Any CPU = Release|Any CPU
	EndGlobalSection
	GlobalSection(ProjectConfigurationPlatforms) = postSolution
		{968E984D-91F9-45D6-906F-C93A13751A2B}.Debug|Any CPU.ActiveCfg = Debug|Any CPU
		{968E984D-91F9-45D6-906F-C93A13751A2B}.Debug|Any CPU.Build.0 = Debug|Any CPU
		{968E984D-91F9-45D6-906F-C93A13751A2B}.Release|Any CPU.ActiveCfg = Release|Any CPU
		{968E984D-91F9-45D6-906F-C93A13751A2B}.Release|Any CPU.Build.0 = Release|Any CPU
		{71D9CF04-15AB-48DF-9B60-A5EA6A776E5C}.Debug|Any CPU.ActiveCfg = Debug|Any CPU
		{71D9CF04-15AB-48DF-9B60-A5EA6A776E5C}.Debug|Any CPU.Build.0 = Debug|Any CPU
		{71D9CF04-15AB-48DF-9B60-A5EA6A776E5C}.Release|Any CPU.ActiveCfg = Release|Any CPU
		{71D9CF04-15AB-48DF-9B60-A5EA6A776E5C}.Release|Any CPU.Build.0 = Release|Any CPU
	EndGlobalSection
	GlobalSection(SolutionProperties) = preSolution
		HideSolutionNode = FALSE
	EndGlobalSection
	GlobalSection(ExtensibilityGlobals) = postSolution
		SolutionGuid = {B379C472-921B-4FFA-AC89-75EE0AFEE5E2}
	EndGlobalSection
EndGlobal
