
Microsoft Visual Studio Solution File, Format Version 12.00
# Visual Studio Version 16
VisualStudioVersion = 16.0.32802.440
MinimumVisualStudioVersion = 10.0.40219.1
Project("{FAE04EC0-301F-11D3-BF4B-00C04F79EFBC}") = "Page118_1_12_22", "Page118_1_12_22\Page118_1_12_22.csproj", "{1DDD62EE-2930-4753-A8E8-2C76C29B4BFF}"
EndProject
Project("{FAE04EC0-301F-11D3-BF4B-00C04F79EFBC}") = "Q16_1_12_22", "Q16_1_12_22\Q16_1_12_22.csproj", "{F28CA6BF-5D1F-4199-8D92-CA2B10B4DD9D}"
EndProject
Project("{FAE04EC0-301F-11D3-BF4B-00C04F79EFBC}") = "Q17_1_12_22", "Q17_1_12_22\Q17_1_12_22.csproj", "{E72A2D9B-A234-4957-900A-255D3DD6DCF0}"
EndProject
Project("{FAE04EC0-301F-11D3-BF4B-00C04F79EFBC}") = "Q18_1_12_22", "Q18_1_12_22\Q18_1_12_22.csproj", "{65777A3C-4A30-4A54-ADBD-9308E3F35F03}"
EndProject
Project("{FAE04EC0-301F-11D3-BF4B-00C04F79EFBC}") = "Q19_1_12_22", "Q19_1_12_22\Q19_1_12_22.csproj", "{BCD2B698-A609-41DA-9630-B869BDAE8CF2}"
EndProject
Global
	GlobalSection(SolutionConfigurationPlatforms) = preSolution
		Debug|Any CPU = Debug|Any CPU
		Release|Any CPU = Release|Any CPU
	EndGlobalSection
	GlobalSection(ProjectConfigurationPlatforms) = postSolution
		{1DDD62EE-2930-4753-A8E8-2C76C29B4BFF}.Debug|Any CPU.ActiveCfg = Debug|Any CPU
		{1DDD62EE-2930-4753-A8E8-2C76C29B4BFF}.Debug|Any CPU.Build.0 = Debug|Any CPU
		{1DDD62EE-2930-4753-A8E8-2C76C29B4BFF}.Release|Any CPU.ActiveCfg = Release|Any CPU
		{1DDD62EE-2930-4753-A8E8-2C76C29B4BFF}.Release|Any CPU.Build.0 = Release|Any CPU
		{F28CA6BF-5D1F-4199-8D92-CA2B10B4DD9D}.Debug|Any CPU.ActiveCfg = Debug|Any CPU
		{F28CA6BF-5D1F-4199-8D92-CA2B10B4DD9D}.Debug|Any CPU.Build.0 = Debug|Any CPU
		{F28CA6BF-5D1F-4199-8D92-CA2B10B4DD9D}.Release|Any CPU.ActiveCfg = Release|Any CPU
		{F28CA6BF-5D1F-4199-8D92-CA2B10B4DD9D}.Release|Any CPU.Build.0 = Release|Any CPU
		{E72A2D9B-A234-4957-900A-255D3DD6DCF0}.Debug|Any CPU.ActiveCfg = Debug|Any CPU
		{E72A2D9B-A234-4957-900A-255D3DD6DCF0}.Debug|Any CPU.Build.0 = Debug|Any CPU
		{E72A2D9B-A234-4957-900A-255D3DD6DCF0}.Release|Any CPU.ActiveCfg = Release|Any CPU
		{E72A2D9B-A234-4957-900A-255D3DD6DCF0}.Release|Any CPU.Build.0 = Release|Any CPU
		{65777A3C-4A30-4A54-ADBD-9308E3F35F03}.Debug|Any CPU.ActiveCfg = Debug|Any CPU
		{65777A3C-4A30-4A54-ADBD-9308E3F35F03}.Debug|Any CPU.Build.0 = Debug|Any CPU
		{65777A3C-4A30-4A54-ADBD-9308E3F35F03}.Release|Any CPU.ActiveCfg = Release|Any CPU
		{65777A3C-4A30-4A54-ADBD-9308E3F35F03}.Release|Any CPU.Build.0 = Release|Any CPU
		{BCD2B698-A609-41DA-9630-B869BDAE8CF2}.Debug|Any CPU.ActiveCfg = Debug|Any CPU
		{BCD2B698-A609-41DA-9630-B869BDAE8CF2}.Debug|Any CPU.Build.0 = Debug|Any CPU
		{BCD2B698-A609-41DA-9630-B869BDAE8CF2}.Release|Any CPU.ActiveCfg = Release|Any CPU
		{BCD2B698-A609-41DA-9630-B869BDAE8CF2}.Release|Any CPU.Build.0 = Release|Any CPU
	EndGlobalSection
	GlobalSection(SolutionProperties) = preSolution
		HideSolutionNode = FALSE
	EndGlobalSection
	GlobalSection(ExtensibilityGlobals) = postSolution
		SolutionGuid = {D431B534-D173-44D3-B2C8-F9A4332C22D7}
	EndGlobalSection
EndGlobal
