
Microsoft Visual Studio Solution File, Format Version 12.00
# Visual Studio Version 16
VisualStudioVersion = 16.0.32802.440
MinimumVisualStudioVersion = 10.0.40219.1
Project("{FAE04EC0-301F-11D3-BF4B-00C04F79EFBC}") = "P115Q18", "P115Q18\P115Q18.csproj", "{C403F702-5979-42AE-8C3B-AA484991DCA9}"
EndProject
Project("{FAE04EC0-301F-11D3-BF4B-00C04F79EFBC}") = "P116Q19", "P116Q19\P116Q19.csproj", "{8696DF74-C5A9-4D77-9085-6A158E90A074}"
EndProject
Project("{FAE04EC0-301F-11D3-BF4B-00C04F79EFBC}") = "P116Q20", "P116Q20\P116Q20.csproj", "{A3D89FE1-30E0-4C4B-9C78-03A19A2BBCFC}"
EndProject
Global
	GlobalSection(SolutionConfigurationPlatforms) = preSolution
		Debug|Any CPU = Debug|Any CPU
		Release|Any CPU = Release|Any CPU
	EndGlobalSection
	GlobalSection(ProjectConfigurationPlatforms) = postSolution
		{C403F702-5979-42AE-8C3B-AA484991DCA9}.Debug|Any CPU.ActiveCfg = Debug|Any CPU
		{C403F702-5979-42AE-8C3B-AA484991DCA9}.Debug|Any CPU.Build.0 = Debug|Any CPU
		{C403F702-5979-42AE-8C3B-AA484991DCA9}.Release|Any CPU.ActiveCfg = Release|Any CPU
		{C403F702-5979-42AE-8C3B-AA484991DCA9}.Release|Any CPU.Build.0 = Release|Any CPU
		{8696DF74-C5A9-4D77-9085-6A158E90A074}.Debug|Any CPU.ActiveCfg = Debug|Any CPU
		{8696DF74-C5A9-4D77-9085-6A158E90A074}.Debug|Any CPU.Build.0 = Debug|Any CPU
		{8696DF74-C5A9-4D77-9085-6A158E90A074}.Release|Any CPU.ActiveCfg = Release|Any CPU
		{8696DF74-C5A9-4D77-9085-6A158E90A074}.Release|Any CPU.Build.0 = Release|Any CPU
		{A3D89FE1-30E0-4C4B-9C78-03A19A2BBCFC}.Debug|Any CPU.ActiveCfg = Debug|Any CPU
		{A3D89FE1-30E0-4C4B-9C78-03A19A2BBCFC}.Debug|Any CPU.Build.0 = Debug|Any CPU
		{A3D89FE1-30E0-4C4B-9C78-03A19A2BBCFC}.Release|Any CPU.ActiveCfg = Release|Any CPU
		{A3D89FE1-30E0-4C4B-9C78-03A19A2BBCFC}.Release|Any CPU.Build.0 = Release|Any CPU
	EndGlobalSection
	GlobalSection(SolutionProperties) = preSolution
		HideSolutionNode = FALSE
	EndGlobalSection
	GlobalSection(ExtensibilityGlobals) = postSolution
		SolutionGuid = {E0F726E7-CFAD-4501-9719-7E53A93499B9}
	EndGlobalSection
EndGlobal
