
Microsoft Visual Studio Solution File, Format Version 12.00
# Visual Studio Version 16
VisualStudioVersion = 16.0.33214.272
MinimumVisualStudioVersion = 10.0.40219.1
Project("{FAE04EC0-301F-11D3-BF4B-00C04F79EFBC}") = "P54Q23", "P54Q23\P54Q23.csproj", "{8EE75252-E726-4142-95DA-A7DC67E5FB04}"
EndProject
Project("{FAE04EC0-301F-11D3-BF4B-00C04F79EFBC}") = "P43Q24", "P43Q24\P43Q24.csproj", "{CB80A10B-B99D-4C34-ABC5-DABB19F4CAF0}"
EndProject
Project("{FAE04EC0-301F-11D3-BF4B-00C04F79EFBC}") = "P54Q25", "P54Q25\P54Q25.csproj", "{B9399465-E46E-4689-A82E-515769DAA821}"
EndProject
Project("{FAE04EC0-301F-11D3-BF4B-00C04F79EFBC}") = "P54Q26", "P54Q26\P54Q26.csproj", "{F5DD0DB3-B857-4F15-AAD2-BA3DBE66229C}"
EndProject
Project("{FAE04EC0-301F-11D3-BF4B-00C04F79EFBC}") = "P55Q27", "P55Q28\P55Q27.csproj", "{D0C0503D-241E-4CBA-8FD5-51CBA98695CE}"
EndProject
Project("{FAE04EC0-301F-11D3-BF4B-00C04F79EFBC}") = "P55_Q28", "P55_Q28\P55_Q28.csproj", "{851A71E6-1575-4B2C-943D-622EA4644450}"
EndProject
Project("{FAE04EC0-301F-11D3-BF4B-00C04F79EFBC}") = "P55Q30", "P55Q30\P55Q30.csproj", "{427C09B9-D77B-4C33-805B-0B7C3CA1EBF2}"
EndProject
Project("{FAE04EC0-301F-11D3-BF4B-00C04F79EFBC}") = "P55Q31", "P55Q31\P55Q31.csproj", "{BFD8BACF-BF82-4984-86AB-A3339ADA922D}"
EndProject
Global
	GlobalSection(SolutionConfigurationPlatforms) = preSolution
		Debug|Any CPU = Debug|Any CPU
		Release|Any CPU = Release|Any CPU
	EndGlobalSection
	GlobalSection(ProjectConfigurationPlatforms) = postSolution
		{8EE75252-E726-4142-95DA-A7DC67E5FB04}.Debug|Any CPU.ActiveCfg = Debug|Any CPU
		{8EE75252-E726-4142-95DA-A7DC67E5FB04}.Debug|Any CPU.Build.0 = Debug|Any CPU
		{8EE75252-E726-4142-95DA-A7DC67E5FB04}.Release|Any CPU.ActiveCfg = Release|Any CPU
		{8EE75252-E726-4142-95DA-A7DC67E5FB04}.Release|Any CPU.Build.0 = Release|Any CPU
		{CB80A10B-B99D-4C34-ABC5-DABB19F4CAF0}.Debug|Any CPU.ActiveCfg = Debug|Any CPU
		{CB80A10B-B99D-4C34-ABC5-DABB19F4CAF0}.Debug|Any CPU.Build.0 = Debug|Any CPU
		{CB80A10B-B99D-4C34-ABC5-DABB19F4CAF0}.Release|Any CPU.ActiveCfg = Release|Any CPU
		{CB80A10B-B99D-4C34-ABC5-DABB19F4CAF0}.Release|Any CPU.Build.0 = Release|Any CPU
		{B9399465-E46E-4689-A82E-515769DAA821}.Debug|Any CPU.ActiveCfg = Debug|Any CPU
		{B9399465-E46E-4689-A82E-515769DAA821}.Debug|Any CPU.Build.0 = Debug|Any CPU
		{B9399465-E46E-4689-A82E-515769DAA821}.Release|Any CPU.ActiveCfg = Release|Any CPU
		{B9399465-E46E-4689-A82E-515769DAA821}.Release|Any CPU.Build.0 = Release|Any CPU
		{F5DD0DB3-B857-4F15-AAD2-BA3DBE66229C}.Debug|Any CPU.ActiveCfg = Debug|Any CPU
		{F5DD0DB3-B857-4F15-AAD2-BA3DBE66229C}.Debug|Any CPU.Build.0 = Debug|Any CPU
		{F5DD0DB3-B857-4F15-AAD2-BA3DBE66229C}.Release|Any CPU.ActiveCfg = Release|Any CPU
		{F5DD0DB3-B857-4F15-AAD2-BA3DBE66229C}.Release|Any CPU.Build.0 = Release|Any CPU
		{D0C0503D-241E-4CBA-8FD5-51CBA98695CE}.Debug|Any CPU.ActiveCfg = Debug|Any CPU
		{D0C0503D-241E-4CBA-8FD5-51CBA98695CE}.Debug|Any CPU.Build.0 = Debug|Any CPU
		{D0C0503D-241E-4CBA-8FD5-51CBA98695CE}.Release|Any CPU.ActiveCfg = Release|Any CPU
		{D0C0503D-241E-4CBA-8FD5-51CBA98695CE}.Release|Any CPU.Build.0 = Release|Any CPU
		{851A71E6-1575-4B2C-943D-622EA4644450}.Debug|Any CPU.ActiveCfg = Debug|Any CPU
		{851A71E6-1575-4B2C-943D-622EA4644450}.Debug|Any CPU.Build.0 = Debug|Any CPU
		{851A71E6-1575-4B2C-943D-622EA4644450}.Release|Any CPU.ActiveCfg = Release|Any CPU
		{851A71E6-1575-4B2C-943D-622EA4644450}.Release|Any CPU.Build.0 = Release|Any CPU
		{427C09B9-D77B-4C33-805B-0B7C3CA1EBF2}.Debug|Any CPU.ActiveCfg = Debug|Any CPU
		{427C09B9-D77B-4C33-805B-0B7C3CA1EBF2}.Debug|Any CPU.Build.0 = Debug|Any CPU
		{427C09B9-D77B-4C33-805B-0B7C3CA1EBF2}.Release|Any CPU.ActiveCfg = Release|Any CPU
		{427C09B9-D77B-4C33-805B-0B7C3CA1EBF2}.Release|Any CPU.Build.0 = Release|Any CPU
		{BFD8BACF-BF82-4984-86AB-A3339ADA922D}.Debug|Any CPU.ActiveCfg = Debug|Any CPU
		{BFD8BACF-BF82-4984-86AB-A3339ADA922D}.Debug|Any CPU.Build.0 = Debug|Any CPU
		{BFD8BACF-BF82-4984-86AB-A3339ADA922D}.Release|Any CPU.ActiveCfg = Release|Any CPU
		{BFD8BACF-BF82-4984-86AB-A3339ADA922D}.Release|Any CPU.Build.0 = Release|Any CPU
	EndGlobalSection
	GlobalSection(SolutionProperties) = preSolution
		HideSolutionNode = FALSE
	EndGlobalSection
	GlobalSection(ExtensibilityGlobals) = postSolution
		SolutionGuid = {9893387E-F415-4352-85AB-E8AA76AE23BD}
	EndGlobalSection
EndGlobal
