
Microsoft Visual Studio Solution File, Format Version 12.00
# Visual Studio Version 16
VisualStudioVersion = 16.0.33927.289
MinimumVisualStudioVersion = 10.0.40219.1
Project("{FAE04EC0-301F-11D3-BF4B-00C04F79EFBC}") = "Task5_6_2", "Task5_6_2\Task5_6_2.csproj", "{2EB533C3-775A-46D4-92E0-F6D22E5CA455}"
EndProject
Global
	GlobalSection(SolutionConfigurationPlatforms) = preSolution
		Debug|Any CPU = Debug|Any CPU
		Release|Any CPU = Release|Any CPU
	EndGlobalSection
	GlobalSection(ProjectConfigurationPlatforms) = postSolution
		{2EB533C3-775A-46D4-92E0-F6D22E5CA455}.Debug|Any CPU.ActiveCfg = Debug|Any CPU
		{2EB533C3-775A-46D4-92E0-F6D22E5CA455}.Debug|Any CPU.Build.0 = Debug|Any CPU
		{2EB533C3-775A-46D4-92E0-F6D22E5CA455}.Release|Any CPU.ActiveCfg = Release|Any CPU
		{2EB533C3-775A-46D4-92E0-F6D22E5CA455}.Release|Any CPU.Build.0 = Release|Any CPU
	EndGlobalSection
	GlobalSection(SolutionProperties) = preSolution
		HideSolutionNode = FALSE
	EndGlobalSection
	GlobalSection(ExtensibilityGlobals) = postSolution
		SolutionGuid = {A2D0FAE4-026B-4503-B56A-E4BFC3C913E9}
	EndGlobalSection
EndGlobal
