
Microsoft Visual Studio Solution File, Format Version 12.00
# Visual Studio Version 17
VisualStudioVersion = 17.5.002.0
MinimumVisualStudioVersion = 10.0.40219.1
Project("{9A19103F-16F7-4668-BE54-9A1E7A4F7556}") = "ToNumber", "ToNumber.csproj", "{005CF001-CB34-427A-AD65-2D2B9BA1BBAC}"
EndProject
Global
	GlobalSection(SolutionConfigurationPlatforms) = preSolution
		Debug|Any CPU = Debug|Any CPU
		Release|Any CPU = Release|Any CPU
	EndGlobalSection
	GlobalSection(ProjectConfigurationPlatforms) = postSolution
		{005CF001-CB34-427A-AD65-2D2B9BA1BBAC}.Debug|Any CPU.ActiveCfg = Debug|Any CPU
		{005CF001-CB34-427A-AD65-2D2B9BA1BBAC}.Debug|Any CPU.Build.0 = Debug|Any CPU
		{005CF001-CB34-427A-AD65-2D2B9BA1BBAC}.Release|Any CPU.ActiveCfg = Release|Any CPU
		{005CF001-CB34-427A-AD65-2D2B9BA1BBAC}.Release|Any CPU.Build.0 = Release|Any CPU
	EndGlobalSection
	GlobalSection(SolutionProperties) = preSolution
		HideSolutionNode = FALSE
	EndGlobalSection
	GlobalSection(ExtensibilityGlobals) = postSolution
		SolutionGuid = {FC9D5BBB-1375-47E3-80C9-A64164921F56}
	EndGlobalSection
EndGlobal
