
Microsoft Visual Studio Solution File, Format Version 12.00
# Visual Studio Version 16
VisualStudioVersion = 16.0.32126.315
MinimumVisualStudioVersion = 10.0.40219.1
Project("{FAE04EC0-301F-11D3-BF4B-00C04F79EFBC}") = "GoingUpGoingDown", "GoingUpGoingDown\GoingUpGoingDown.csproj", "{7EC31827-9392-4EFE-B8DD-4A97A8221927}"
EndProject
Project("{FAE04EC0-301F-11D3-BF4B-00C04F79EFBC}") = "Rectangle_30_9_22", "Rectangle_30_9_22\Rectangle_30_9_22.csproj", "{77F071B2-D9EF-40D0-A234-C20634D12CE3}"
EndProject
Project("{FAE04EC0-301F-11D3-BF4B-00C04F79EFBC}") = "Ping_Pong", "Ping_Pong\Ping_Pong.csproj", "{D7210F9B-C88A-4B29-9454-CE04B95262B4}"
EndProject
Global
	GlobalSection(SolutionConfigurationPlatforms) = preSolution
		Debug|Any CPU = Debug|Any CPU
		Release|Any CPU = Release|Any CPU
	EndGlobalSection
	GlobalSection(ProjectConfigurationPlatforms) = postSolution
		{7EC31827-9392-4EFE-B8DD-4A97A8221927}.Debug|Any CPU.ActiveCfg = Debug|Any CPU
		{7EC31827-9392-4EFE-B8DD-4A97A8221927}.Debug|Any CPU.Build.0 = Debug|Any CPU
		{7EC31827-9392-4EFE-B8DD-4A97A8221927}.Release|Any CPU.ActiveCfg = Release|Any CPU
		{7EC31827-9392-4EFE-B8DD-4A97A8221927}.Release|Any CPU.Build.0 = Release|Any CPU
		{77F071B2-D9EF-40D0-A234-C20634D12CE3}.Debug|Any CPU.ActiveCfg = Debug|Any CPU
		{77F071B2-D9EF-40D0-A234-C20634D12CE3}.Debug|Any CPU.Build.0 = Debug|Any CPU
		{77F071B2-D9EF-40D0-A234-C20634D12CE3}.Release|Any CPU.ActiveCfg = Release|Any CPU
		{77F071B2-D9EF-40D0-A234-C20634D12CE3}.Release|Any CPU.Build.0 = Release|Any CPU
		{D7210F9B-C88A-4B29-9454-CE04B95262B4}.Debug|Any CPU.ActiveCfg = Debug|Any CPU
		{D7210F9B-C88A-4B29-9454-CE04B95262B4}.Debug|Any CPU.Build.0 = Debug|Any CPU
		{D7210F9B-C88A-4B29-9454-CE04B95262B4}.Release|Any CPU.ActiveCfg = Release|Any CPU
		{D7210F9B-C88A-4B29-9454-CE04B95262B4}.Release|Any CPU.Build.0 = Release|Any CPU
	EndGlobalSection
	GlobalSection(SolutionProperties) = preSolution
		HideSolutionNode = FALSE
	EndGlobalSection
	GlobalSection(ExtensibilityGlobals) = postSolution
		SolutionGuid = {D0A8EB6E-7D40-4553-86BF-7CFD08440439}
	EndGlobalSection
EndGlobal
