
Microsoft Visual Studio Solution File, Format Version 12.00
# Visual Studio Version 16
VisualStudioVersion = 16.0.33927.289
MinimumVisualStudioVersion = 10.0.40219.1
Project("{FAE04EC0-301F-11D3-BF4B-00C04F79EFBC}") = "MyLib", "MyLib\MyLib.csproj", "{39DE9D69-C639-4EC7-8543-3BA4A2DAC647}"
EndProject
Global
	GlobalSection(SolutionConfigurationPlatforms) = preSolution
		Debug|Any CPU = Debug|Any CPU
		Release|Any CPU = Release|Any CPU
	EndGlobalSection
	GlobalSection(ProjectConfigurationPlatforms) = postSolution
		{39DE9D69-C639-4EC7-8543-3BA4A2DAC647}.Debug|Any CPU.ActiveCfg = Debug|Any CPU
		{39DE9D69-C639-4EC7-8543-3BA4A2DAC647}.Debug|Any CPU.Build.0 = Debug|Any CPU
		{39DE9D69-C639-4EC7-8543-3BA4A2DAC647}.Release|Any CPU.ActiveCfg = Release|Any CPU
		{39DE9D69-C639-4EC7-8543-3BA4A2DAC647}.Release|Any CPU.Build.0 = Release|Any CPU
	EndGlobalSection
	GlobalSection(SolutionProperties) = preSolution
		HideSolutionNode = FALSE
	EndGlobalSection
	GlobalSection(ExtensibilityGlobals) = postSolution
		SolutionGuid = {1A6DD78F-E5EA-475E-8A42-5ACB8E3F8BC1}
	EndGlobalSection
EndGlobal
