
Microsoft Visual Studio Solution File, Format Version 12.00
# Visual Studio Version 16
VisualStudioVersion = 16.0.33927.289
MinimumVisualStudioVersion = 10.0.40219.1
Project("{FAE04EC0-301F-11D3-BF4B-00C04F79EFBC}") = "Task5_11", "Task5_11\Task5_11.csproj", "{C3F6C6BC-6BC7-4A60-9C45-B6C636A40A6F}"
EndProject
Global
	GlobalSection(SolutionConfigurationPlatforms) = preSolution
		Debug|Any CPU = Debug|Any CPU
		Release|Any CPU = Release|Any CPU
	EndGlobalSection
	GlobalSection(ProjectConfigurationPlatforms) = postSolution
		{C3F6C6BC-6BC7-4A60-9C45-B6C636A40A6F}.Debug|Any CPU.ActiveCfg = Debug|Any CPU
		{C3F6C6BC-6BC7-4A60-9C45-B6C636A40A6F}.Debug|Any CPU.Build.0 = Debug|Any CPU
		{C3F6C6BC-6BC7-4A60-9C45-B6C636A40A6F}.Release|Any CPU.ActiveCfg = Release|Any CPU
		{C3F6C6BC-6BC7-4A60-9C45-B6C636A40A6F}.Release|Any CPU.Build.0 = Release|Any CPU
	EndGlobalSection
	GlobalSection(SolutionProperties) = preSolution
		HideSolutionNode = FALSE
	EndGlobalSection
	GlobalSection(ExtensibilityGlobals) = postSolution
		SolutionGuid = {F37BEBDD-1ED7-4489-AAE1-9234833F501B}
	EndGlobalSection
EndGlobal
