
Microsoft Visual Studio Solution File, Format Version 12.00
# Visual Studio Version 16
VisualStudioVersion = 16.0.33214.272
MinimumVisualStudioVersion = 10.0.40219.1
Project("{FAE04EC0-301F-11D3-BF4B-00C04F79EFBC}") = "NestedLoopFirst", "NestedLoopFirst\NestedLoopFirst.csproj", "{23BCC9FC-E5DC-46FE-A3E0-761C1E4C6562}"
EndProject
Global
	GlobalSection(SolutionConfigurationPlatforms) = preSolution
		Debug|Any CPU = Debug|Any CPU
		Release|Any CPU = Release|Any CPU
	EndGlobalSection
	GlobalSection(ProjectConfigurationPlatforms) = postSolution
		{23BCC9FC-E5DC-46FE-A3E0-761C1E4C6562}.Debug|Any CPU.ActiveCfg = Debug|Any CPU
		{23BCC9FC-E5DC-46FE-A3E0-761C1E4C6562}.Debug|Any CPU.Build.0 = Debug|Any CPU
		{23BCC9FC-E5DC-46FE-A3E0-761C1E4C6562}.Release|Any CPU.ActiveCfg = Release|Any CPU
		{23BCC9FC-E5DC-46FE-A3E0-761C1E4C6562}.Release|Any CPU.Build.0 = Release|Any CPU
	EndGlobalSection
	GlobalSection(SolutionProperties) = preSolution
		HideSolutionNode = FALSE
	EndGlobalSection
	GlobalSection(ExtensibilityGlobals) = postSolution
		SolutionGuid = {7579DAF2-BF10-4F16-AC71-3ADB83407C7B}
	EndGlobalSection
EndGlobal
