
Microsoft Visual Studio Solution File, Format Version 12.00
# Visual Studio Version 16
VisualStudioVersion = 16.0.33927.289
MinimumVisualStudioVersion = 10.0.40219.1
Project("{FAE04EC0-301F-11D3-BF4B-00C04F79EFBC}") = "Task5_7A", "Task5_7A\Task5_7A.csproj", "{2270EB92-BEC7-4492-BDC5-302959CAA4AB}"
EndProject
Global
	GlobalSection(SolutionConfigurationPlatforms) = preSolution
		Debug|Any CPU = Debug|Any CPU
		Release|Any CPU = Release|Any CPU
	EndGlobalSection
	GlobalSection(ProjectConfigurationPlatforms) = postSolution
		{2270EB92-BEC7-4492-BDC5-302959CAA4AB}.Debug|Any CPU.ActiveCfg = Debug|Any CPU
		{2270EB92-BEC7-4492-BDC5-302959CAA4AB}.Debug|Any CPU.Build.0 = Debug|Any CPU
		{2270EB92-BEC7-4492-BDC5-302959CAA4AB}.Release|Any CPU.ActiveCfg = Release|Any CPU
		{2270EB92-BEC7-4492-BDC5-302959CAA4AB}.Release|Any CPU.Build.0 = Release|Any CPU
	EndGlobalSection
	GlobalSection(SolutionProperties) = preSolution
		HideSolutionNode = FALSE
	EndGlobalSection
	GlobalSection(ExtensibilityGlobals) = postSolution
		SolutionGuid = {DD201F8C-5B91-460A-B725-BB74FC596546}
	EndGlobalSection
EndGlobal
