
Microsoft Visual Studio Solution File, Format Version 12.00
# Visual Studio Version 16
VisualStudioVersion = 16.0.33214.272
MinimumVisualStudioVersion = 10.0.40219.1
Project("{FAE04EC0-301F-11D3-BF4B-00C04F79EFBC}") = "BucketClass", "BucketClass\BucketClass.csproj", "{9CDFCA7B-6670-42B1-B45C-81B66418A621}"
EndProject
Global
	GlobalSection(SolutionConfigurationPlatforms) = preSolution
		Debug|Any CPU = Debug|Any CPU
		Release|Any CPU = Release|Any CPU
	EndGlobalSection
	GlobalSection(ProjectConfigurationPlatforms) = postSolution
		{9CDFCA7B-6670-42B1-B45C-81B66418A621}.Debug|Any CPU.ActiveCfg = Debug|Any CPU
		{9CDFCA7B-6670-42B1-B45C-81B66418A621}.Debug|Any CPU.Build.0 = Debug|Any CPU
		{9CDFCA7B-6670-42B1-B45C-81B66418A621}.Release|Any CPU.ActiveCfg = Release|Any CPU
		{9CDFCA7B-6670-42B1-B45C-81B66418A621}.Release|Any CPU.Build.0 = Release|Any CPU
	EndGlobalSection
	GlobalSection(SolutionProperties) = preSolution
		HideSolutionNode = FALSE
	EndGlobalSection
	GlobalSection(ExtensibilityGlobals) = postSolution
		SolutionGuid = {99A3E9B2-22F1-4DC8-A7CE-EC67BAA77623}
	EndGlobalSection
EndGlobal
