
Microsoft Visual Studio Solution File, Format Version 12.00
# Visual Studio Version 16
VisualStudioVersion = 16.0.33927.289
MinimumVisualStudioVersion = 10.0.40219.1
Project("{FAE04EC0-301F-11D3-BF4B-00C04F79EFBC}") = "IntSortedCollectionClass", "IntSortedCollectionClass\IntSortedCollectionClass.csproj", "{3D81C3A9-14FD-46FD-B6C9-B052C637126E}"
EndProject
Global
	GlobalSection(SolutionConfigurationPlatforms) = preSolution
		Debug|Any CPU = Debug|Any CPU
		Release|Any CPU = Release|Any CPU
	EndGlobalSection
	GlobalSection(ProjectConfigurationPlatforms) = postSolution
		{3D81C3A9-14FD-46FD-B6C9-B052C637126E}.Debug|Any CPU.ActiveCfg = Debug|Any CPU
		{3D81C3A9-14FD-46FD-B6C9-B052C637126E}.Debug|Any CPU.Build.0 = Debug|Any CPU
		{3D81C3A9-14FD-46FD-B6C9-B052C637126E}.Release|Any CPU.ActiveCfg = Release|Any CPU
		{3D81C3A9-14FD-46FD-B6C9-B052C637126E}.Release|Any CPU.Build.0 = Release|Any CPU
	EndGlobalSection
	GlobalSection(SolutionProperties) = preSolution
		HideSolutionNode = FALSE
	EndGlobalSection
	GlobalSection(ExtensibilityGlobals) = postSolution
		SolutionGuid = {54CA590D-5BF6-49E0-9637-7580FB24B063}
	EndGlobalSection
EndGlobal
