
Microsoft Visual Studio Solution File, Format Version 12.00
# Visual Studio Version 16
VisualStudioVersion = 16.0.33529.622
MinimumVisualStudioVersion = 10.0.40219.1
Project("{FAE04EC0-301F-11D3-BF4B-00C04F79EFBC}") = "Recurtion", "Recurtion\Recurtion.csproj", "{F88FC420-7A69-4553-9FF1-F2CF5A31349A}"
EndProject
Global
	GlobalSection(SolutionConfigurationPlatforms) = preSolution
		Debug|Any CPU = Debug|Any CPU
		Release|Any CPU = Release|Any CPU
	EndGlobalSection
	GlobalSection(ProjectConfigurationPlatforms) = postSolution
		{F88FC420-7A69-4553-9FF1-F2CF5A31349A}.Debug|Any CPU.ActiveCfg = Debug|Any CPU
		{F88FC420-7A69-4553-9FF1-F2CF5A31349A}.Debug|Any CPU.Build.0 = Debug|Any CPU
		{F88FC420-7A69-4553-9FF1-F2CF5A31349A}.Release|Any CPU.ActiveCfg = Release|Any CPU
		{F88FC420-7A69-4553-9FF1-F2CF5A31349A}.Release|Any CPU.Build.0 = Release|Any CPU
	EndGlobalSection
	GlobalSection(SolutionProperties) = preSolution
		HideSolutionNode = FALSE
	EndGlobalSection
	GlobalSection(ExtensibilityGlobals) = postSolution
		SolutionGuid = {F9A90B46-2E0B-4815-B54D-7263248E8517}
	EndGlobalSection
EndGlobal
