
Microsoft Visual Studio Solution File, Format Version 12.00
# Visual Studio Version 16
VisualStudioVersion = 16.0.32901.82
MinimumVisualStudioVersion = 10.0.40219.1
Project("{FAE04EC0-301F-11D3-BF4B-00C04F79EFBC}") = "MasterPage_First", "MasterPage_First\MasterPage_First.csproj", "{11FBAD58-77A3-4FA2-A0F6-EE8F8F083E76}"
EndProject
Global
	GlobalSection(SolutionConfigurationPlatforms) = preSolution
		Debug|Any CPU = Debug|Any CPU
		Release|Any CPU = Release|Any CPU
	EndGlobalSection
	GlobalSection(ProjectConfigurationPlatforms) = postSolution
		{11FBAD58-77A3-4FA2-A0F6-EE8F8F083E76}.Debug|Any CPU.ActiveCfg = Debug|Any CPU
		{11FBAD58-77A3-4FA2-A0F6-EE8F8F083E76}.Debug|Any CPU.Build.0 = Debug|Any CPU
		{11FBAD58-77A3-4FA2-A0F6-EE8F8F083E76}.Release|Any CPU.ActiveCfg = Release|Any CPU
		{11FBAD58-77A3-4FA2-A0F6-EE8F8F083E76}.Release|Any CPU.Build.0 = Release|Any CPU
	EndGlobalSection
	GlobalSection(SolutionProperties) = preSolution
		HideSolutionNode = FALSE
	EndGlobalSection
	GlobalSection(ExtensibilityGlobals) = postSolution
		SolutionGuid = {CADDAAA0-4D09-4A8C-A2EE-811F4C674C5B}
	EndGlobalSection
EndGlobal
