
Microsoft Visual Studio Solution File, Format Version 12.00
# Visual Studio Version 16
VisualStudioVersion = 16.0.32901.82
MinimumVisualStudioVersion = 10.0.40219.1
Project("{FAE04EC0-301F-11D3-BF4B-00C04F79EFBC}") = "ClassWork_20_11_22", "ClassWork_20_11_22\ClassWork_20_11_22.csproj", "{16CA94C3-6989-40DB-B7B9-C81E30C3285F}"
EndProject
Project("{FAE04EC0-301F-11D3-BF4B-00C04F79EFBC}") = "BookQuestion-20_11_22", "BookQuestion-20_11_22\BookQuestion-20_11_22.csproj", "{3CBBE26E-2D33-4F99-B87D-EEF3E227858F}"
EndProject
Project("{FAE04EC0-301F-11D3-BF4B-00C04F79EFBC}") = "StudentsWork_20_11_22", "StudentsWork_20_11_22\StudentsWork_20_11_22.csproj", "{9EA27BAE-661F-4FD7-9F23-6BDCC5D6268B}"
EndProject
Global
	GlobalSection(SolutionConfigurationPlatforms) = preSolution
		Debug|Any CPU = Debug|Any CPU
		Release|Any CPU = Release|Any CPU
	EndGlobalSection
	GlobalSection(ProjectConfigurationPlatforms) = postSolution
		{16CA94C3-6989-40DB-B7B9-C81E30C3285F}.Debug|Any CPU.ActiveCfg = Debug|Any CPU
		{16CA94C3-6989-40DB-B7B9-C81E30C3285F}.Debug|Any CPU.Build.0 = Debug|Any CPU
		{16CA94C3-6989-40DB-B7B9-C81E30C3285F}.Release|Any CPU.ActiveCfg = Release|Any CPU
		{16CA94C3-6989-40DB-B7B9-C81E30C3285F}.Release|Any CPU.Build.0 = Release|Any CPU
		{3CBBE26E-2D33-4F99-B87D-EEF3E227858F}.Debug|Any CPU.ActiveCfg = Debug|Any CPU
		{3CBBE26E-2D33-4F99-B87D-EEF3E227858F}.Debug|Any CPU.Build.0 = Debug|Any CPU
		{3CBBE26E-2D33-4F99-B87D-EEF3E227858F}.Release|Any CPU.ActiveCfg = Release|Any CPU
		{3CBBE26E-2D33-4F99-B87D-EEF3E227858F}.Release|Any CPU.Build.0 = Release|Any CPU
		{9EA27BAE-661F-4FD7-9F23-6BDCC5D6268B}.Debug|Any CPU.ActiveCfg = Debug|Any CPU
		{9EA27BAE-661F-4FD7-9F23-6BDCC5D6268B}.Debug|Any CPU.Build.0 = Debug|Any CPU
		{9EA27BAE-661F-4FD7-9F23-6BDCC5D6268B}.Release|Any CPU.ActiveCfg = Release|Any CPU
		{9EA27BAE-661F-4FD7-9F23-6BDCC5D6268B}.Release|Any CPU.Build.0 = Release|Any CPU
	EndGlobalSection
	GlobalSection(SolutionProperties) = preSolution
		HideSolutionNode = FALSE
	EndGlobalSection
	GlobalSection(ExtensibilityGlobals) = postSolution
		SolutionGuid = {D371DADA-1C72-4DEE-AE98-6A61122D4D68}
	EndGlobalSection
EndGlobal
