
Microsoft Visual Studio Solution File, Format Version 12.00
# Visual Studio Version 16
VisualStudioVersion = 16.0.32802.440
MinimumVisualStudioVersion = 10.0.40219.1
Project("{FAE04EC0-301F-11D3-BF4B-00C04F79EFBC}") = "Q18", "Q18\Q18.csproj", "{AD1F7C34-4DD2-4B22-8B3C-2CFAF9A76C93}"
EndProject
Project("{FAE04EC0-301F-11D3-BF4B-00C04F79EFBC}") = "Q19", "Q19\Q19.csproj", "{434EAEE5-F15E-4739-BAF2-164EC2F671DE}"
EndProject
Project("{FAE04EC0-301F-11D3-BF4B-00C04F79EFBC}") = "Q21", "Q21\Q21.csproj", "{EB4E737E-E877-4166-9439-53B14C1AED87}"
EndProject
Project("{FAE04EC0-301F-11D3-BF4B-00C04F79EFBC}") = "Q22", "Q22\Q22.csproj", "{649BB769-4343-480B-9AE2-0B78E88B524D}"
EndProject
Global
	GlobalSection(SolutionConfigurationPlatforms) = preSolution
		Debug|Any CPU = Debug|Any CPU
		Release|Any CPU = Release|Any CPU
	EndGlobalSection
	GlobalSection(ProjectConfigurationPlatforms) = postSolution
		{AD1F7C34-4DD2-4B22-8B3C-2CFAF9A76C93}.Debug|Any CPU.ActiveCfg = Debug|Any CPU
		{AD1F7C34-4DD2-4B22-8B3C-2CFAF9A76C93}.Debug|Any CPU.Build.0 = Debug|Any CPU
		{AD1F7C34-4DD2-4B22-8B3C-2CFAF9A76C93}.Release|Any CPU.ActiveCfg = Release|Any CPU
		{AD1F7C34-4DD2-4B22-8B3C-2CFAF9A76C93}.Release|Any CPU.Build.0 = Release|Any CPU
		{434EAEE5-F15E-4739-BAF2-164EC2F671DE}.Debug|Any CPU.ActiveCfg = Debug|Any CPU
		{434EAEE5-F15E-4739-BAF2-164EC2F671DE}.Debug|Any CPU.Build.0 = Debug|Any CPU
		{434EAEE5-F15E-4739-BAF2-164EC2F671DE}.Release|Any CPU.ActiveCfg = Release|Any CPU
		{434EAEE5-F15E-4739-BAF2-164EC2F671DE}.Release|Any CPU.Build.0 = Release|Any CPU
		{EB4E737E-E877-4166-9439-53B14C1AED87}.Debug|Any CPU.ActiveCfg = Debug|Any CPU
		{EB4E737E-E877-4166-9439-53B14C1AED87}.Debug|Any CPU.Build.0 = Debug|Any CPU
		{EB4E737E-E877-4166-9439-53B14C1AED87}.Release|Any CPU.ActiveCfg = Release|Any CPU
		{EB4E737E-E877-4166-9439-53B14C1AED87}.Release|Any CPU.Build.0 = Release|Any CPU
		{649BB769-4343-480B-9AE2-0B78E88B524D}.Debug|Any CPU.ActiveCfg = Debug|Any CPU
		{649BB769-4343-480B-9AE2-0B78E88B524D}.Debug|Any CPU.Build.0 = Debug|Any CPU
		{649BB769-4343-480B-9AE2-0B78E88B524D}.Release|Any CPU.ActiveCfg = Release|Any CPU
		{649BB769-4343-480B-9AE2-0B78E88B524D}.Release|Any CPU.Build.0 = Release|Any CPU
	EndGlobalSection
	GlobalSection(SolutionProperties) = preSolution
		HideSolutionNode = FALSE
	EndGlobalSection
	GlobalSection(ExtensibilityGlobals) = postSolution
		SolutionGuid = {737183AF-E00E-490D-9DBB-EE7BBE2FE27B}
	EndGlobalSection
EndGlobal
