
Microsoft Visual Studio Solution File, Format Version 12.00
# Visual Studio Version 16
VisualStudioVersion = 16.0.33927.289
MinimumVisualStudioVersion = 10.0.40219.1
Project("{FAE04EC0-301F-11D3-BF4B-00C04F79EFBC}") = "Exam17_12_2023", "Exam17_12_2023\Exam17_12_2023.csproj", "{B5716B91-15EA-49C4-9FC4-39EA1F97DEF1}"
EndProject
Global
	GlobalSection(SolutionConfigurationPlatforms) = preSolution
		Debug|Any CPU = Debug|Any CPU
		Release|Any CPU = Release|Any CPU
	EndGlobalSection
	GlobalSection(ProjectConfigurationPlatforms) = postSolution
		{B5716B91-15EA-49C4-9FC4-39EA1F97DEF1}.Debug|Any CPU.ActiveCfg = Debug|Any CPU
		{B5716B91-15EA-49C4-9FC4-39EA1F97DEF1}.Debug|Any CPU.Build.0 = Debug|Any CPU
		{B5716B91-15EA-49C4-9FC4-39EA1F97DEF1}.Release|Any CPU.ActiveCfg = Release|Any CPU
		{B5716B91-15EA-49C4-9FC4-39EA1F97DEF1}.Release|Any CPU.Build.0 = Release|Any CPU
	EndGlobalSection
	GlobalSection(SolutionProperties) = preSolution
		HideSolutionNode = FALSE
	EndGlobalSection
	GlobalSection(ExtensibilityGlobals) = postSolution
		SolutionGuid = {0DC842C6-4243-4BAF-B147-D7836060D44B}
	EndGlobalSection
EndGlobal
