
Microsoft Visual Studio Solution File, Format Version 12.00
# Visual Studio Version 16
VisualStudioVersion = 16.0.33214.272
MinimumVisualStudioVersion = 10.0.40219.1
Project("{FAE04EC0-301F-11D3-BF4B-00C04F79EFBC}") = "FirstArray", "FirstArray\FirstArray.csproj", "{AE4ED326-4D18-4D3E-A755-3E84B45FF26D}"
EndProject
Global
	GlobalSection(SolutionConfigurationPlatforms) = preSolution
		Debug|Any CPU = Debug|Any CPU
		Release|Any CPU = Release|Any CPU
	EndGlobalSection
	GlobalSection(ProjectConfigurationPlatforms) = postSolution
		{AE4ED326-4D18-4D3E-A755-3E84B45FF26D}.Debug|Any CPU.ActiveCfg = Debug|Any CPU
		{AE4ED326-4D18-4D3E-A755-3E84B45FF26D}.Debug|Any CPU.Build.0 = Debug|Any CPU
		{AE4ED326-4D18-4D3E-A755-3E84B45FF26D}.Release|Any CPU.ActiveCfg = Release|Any CPU
		{AE4ED326-4D18-4D3E-A755-3E84B45FF26D}.Release|Any CPU.Build.0 = Release|Any CPU
	EndGlobalSection
	GlobalSection(SolutionProperties) = preSolution
		HideSolutionNode = FALSE
	EndGlobalSection
	GlobalSection(ExtensibilityGlobals) = postSolution
		SolutionGuid = {8EA56A8C-EBEE-4912-B92E-3D4A9CEE9370}
	EndGlobalSection
EndGlobal
