
Microsoft Visual Studio Solution File, Format Version 12.00
# Visual Studio Version 16
VisualStudioVersion = 16.0.32802.440
MinimumVisualStudioVersion = 10.0.40219.1
Project("{FAE04EC0-301F-11D3-BF4B-00C04F79EFBC}") = "HW_9_13", "HW_9_13\HW_9_13.csproj", "{09F469C7-1C14-43C4-8896-92B696BDE56C}"
EndProject
Project("{FAE04EC0-301F-11D3-BF4B-00C04F79EFBC}") = "Studens_2", "Studens_2\Studens_2.csproj", "{5A800098-01B3-4695-BF79-EE3DCEF4249C}"
EndProject
Global
	GlobalSection(SolutionConfigurationPlatforms) = preSolution
		Debug|Any CPU = Debug|Any CPU
		Release|Any CPU = Release|Any CPU
	EndGlobalSection
	GlobalSection(ProjectConfigurationPlatforms) = postSolution
		{09F469C7-1C14-43C4-8896-92B696BDE56C}.Debug|Any CPU.ActiveCfg = Debug|Any CPU
		{09F469C7-1C14-43C4-8896-92B696BDE56C}.Debug|Any CPU.Build.0 = Debug|Any CPU
		{09F469C7-1C14-43C4-8896-92B696BDE56C}.Release|Any CPU.ActiveCfg = Release|Any CPU
		{09F469C7-1C14-43C4-8896-92B696BDE56C}.Release|Any CPU.Build.0 = Release|Any CPU
		{5A800098-01B3-4695-BF79-EE3DCEF4249C}.Debug|Any CPU.ActiveCfg = Debug|Any CPU
		{5A800098-01B3-4695-BF79-EE3DCEF4249C}.Debug|Any CPU.Build.0 = Debug|Any CPU
		{5A800098-01B3-4695-BF79-EE3DCEF4249C}.Release|Any CPU.ActiveCfg = Release|Any CPU
		{5A800098-01B3-4695-BF79-EE3DCEF4249C}.Release|Any CPU.Build.0 = Release|Any CPU
	EndGlobalSection
	GlobalSection(SolutionProperties) = preSolution
		HideSolutionNode = FALSE
	EndGlobalSection
	GlobalSection(ExtensibilityGlobals) = postSolution
		SolutionGuid = {1D1A6A04-D478-4272-8694-96EF94B2F3E7}
	EndGlobalSection
EndGlobal
