
Microsoft Visual Studio Solution File, Format Version 12.00
# Visual Studio Version 16
VisualStudioVersion = 16.0.32802.440
MinimumVisualStudioVersion = 10.0.40219.1
Project("{FAE04EC0-301F-11D3-BF4B-00C04F79EFBC}") = "P141Q14", "P141Q14\P141Q14.csproj", "{4A7E7EDA-E5EC-4A44-9F6A-258B1945E30C}"
EndProject
Project("{FAE04EC0-301F-11D3-BF4B-00C04F79EFBC}") = "P141Q18", "P141Q18\P141Q18.csproj", "{18920652-E256-4B8C-9BC2-DFB513B3F1F7}"
EndProject
Global
	GlobalSection(SolutionConfigurationPlatforms) = preSolution
		Debug|Any CPU = Debug|Any CPU
		Release|Any CPU = Release|Any CPU
	EndGlobalSection
	GlobalSection(ProjectConfigurationPlatforms) = postSolution
		{4A7E7EDA-E5EC-4A44-9F6A-258B1945E30C}.Debug|Any CPU.ActiveCfg = Debug|Any CPU
		{4A7E7EDA-E5EC-4A44-9F6A-258B1945E30C}.Debug|Any CPU.Build.0 = Debug|Any CPU
		{4A7E7EDA-E5EC-4A44-9F6A-258B1945E30C}.Release|Any CPU.ActiveCfg = Release|Any CPU
		{4A7E7EDA-E5EC-4A44-9F6A-258B1945E30C}.Release|Any CPU.Build.0 = Release|Any CPU
		{18920652-E256-4B8C-9BC2-DFB513B3F1F7}.Debug|Any CPU.ActiveCfg = Debug|Any CPU
		{18920652-E256-4B8C-9BC2-DFB513B3F1F7}.Debug|Any CPU.Build.0 = Debug|Any CPU
		{18920652-E256-4B8C-9BC2-DFB513B3F1F7}.Release|Any CPU.ActiveCfg = Release|Any CPU
		{18920652-E256-4B8C-9BC2-DFB513B3F1F7}.Release|Any CPU.Build.0 = Release|Any CPU
	EndGlobalSection
	GlobalSection(SolutionProperties) = preSolution
		HideSolutionNode = FALSE
	EndGlobalSection
	GlobalSection(ExtensibilityGlobals) = postSolution
		SolutionGuid = {30448846-3972-4867-B14B-0DBD7FC0CE28}
	EndGlobalSection
EndGlobal
